
Microsoft Visual Studio Solution File, Format Version 12.00
# Visual Studio Version 17
VisualStudioVersion = 17.9.34723.18
MinimumVisualStudioVersion = 10.0.40219.1
Project("{9A19103F-16F7-4668-BE54-9A1E7A4F7556}") = "StudentRegistry.Api", "StudentRegistry.Api\StudentRegistry.Api.csproj", "{B0DAF9BE-B42B-425B-8BC4-3E7AD7A27CB8}"
EndProject
Project("{9A19103F-16F7-4668-BE54-9A1E7A4F7556}") = "StudentRegistry.Services", "StudentRegistry.Services\StudentRegistry.Services.csproj", "{DC666AD4-7490-4746-A931-13737D20414D}"
EndProject
Project("{9A19103F-16F7-4668-BE54-9A1E7A4F7556}") = "StudentRegistry.Repositories", "StudentRegistry.Repositories\StudentRegistry.Repositories.csproj", "{F6250048-F3D7-4F07-9A85-3BA4A4E92336}"
EndProject
Project("{FAE04EC0-301F-11D3-BF4B-00C04F79EFBC}") = "StudentRegistry.Tests", "StudentRegistry.Tests\StudentRegistry.Tests.csproj", "{5008E72A-DD83-42FA-8B1E-3BAD045507A1}"
EndProject
Global
	GlobalSection(SolutionConfigurationPlatforms) = preSolution
		Debug|Any CPU = Debug|Any CPU
		Release|Any CPU = Release|Any CPU
	EndGlobalSection
	GlobalSection(ProjectConfigurationPlatforms) = postSolution
		{B0DAF9BE-B42B-425B-8BC4-3E7AD7A27CB8}.Debug|Any CPU.ActiveCfg = Debug|Any CPU
		{B0DAF9BE-B42B-425B-8BC4-3E7AD7A27CB8}.Debug|Any CPU.Build.0 = Debug|Any CPU
		{B0DAF9BE-B42B-425B-8BC4-3E7AD7A27CB8}.Release|Any CPU.ActiveCfg = Release|Any CPU
		{B0DAF9BE-B42B-425B-8BC4-3E7AD7A27CB8}.Release|Any CPU.Build.0 = Release|Any CPU
		{DC666AD4-7490-4746-A931-13737D20414D}.Debug|Any CPU.ActiveCfg = Debug|Any CPU
		{DC666AD4-7490-4746-A931-13737D20414D}.Debug|Any CPU.Build.0 = Debug|Any CPU
		{DC666AD4-7490-4746-A931-13737D20414D}.Release|Any CPU.ActiveCfg = Release|Any CPU
		{DC666AD4-7490-4746-A931-13737D20414D}.Release|Any CPU.Build.0 = Release|Any CPU
		{F6250048-F3D7-4F07-9A85-3BA4A4E92336}.Debug|Any CPU.ActiveCfg = Debug|Any CPU
		{F6250048-F3D7-4F07-9A85-3BA4A4E92336}.Debug|Any CPU.Build.0 = Debug|Any CPU
		{F6250048-F3D7-4F07-9A85-3BA4A4E92336}.Release|Any CPU.ActiveCfg = Release|Any CPU
		{F6250048-F3D7-4F07-9A85-3BA4A4E92336}.Release|Any CPU.Build.0 = Release|Any CPU
		{5008E72A-DD83-42FA-8B1E-3BAD045507A1}.Debug|Any CPU.ActiveCfg = Debug|Any CPU
		{5008E72A-DD83-42FA-8B1E-3BAD045507A1}.Debug|Any CPU.Build.0 = Debug|Any CPU
		{5008E72A-DD83-42FA-8B1E-3BAD045507A1}.Release|Any CPU.ActiveCfg = Release|Any CPU
		{5008E72A-DD83-42FA-8B1E-3BAD045507A1}.Release|Any CPU.Build.0 = Release|Any CPU
	EndGlobalSection
	GlobalSection(SolutionProperties) = preSolution
		HideSolutionNode = FALSE
	EndGlobalSection
	GlobalSection(ExtensibilityGlobals) = postSolution
		SolutionGuid = {54B322B3-6847-4D39-A8BF-13C076E315FB}
	EndGlobalSection
EndGlobal
